
Microsoft Visual Studio Solution File, Format Version 12.00
# Visual Studio Version 16
VisualStudioVersion = 16.0.30413.136
MinimumVisualStudioVersion = 10.0.40219.1
Project("{FAE04EC0-301F-11D3-BF4B-00C04F79EFBC}") = "Conditional_Statements", "Conditional_Statements.csproj", "{548177FE-FE1E-42C7-8F1C-2860B54CB933}"
EndProject
Global
	GlobalSection(SolutionConfigurationPlatforms) = preSolution
		Debug|Any CPU = Debug|Any CPU
		Release|Any CPU = Release|Any CPU
	EndGlobalSection
	GlobalSection(ProjectConfigurationPlatforms) = postSolution
		{548177FE-FE1E-42C7-8F1C-2860B54CB933}.Debug|Any CPU.ActiveCfg = Debug|Any CPU
		{548177FE-FE1E-42C7-8F1C-2860B54CB933}.Debug|Any CPU.Build.0 = Debug|Any CPU
		{548177FE-FE1E-42C7-8F1C-2860B54CB933}.Release|Any CPU.ActiveCfg = Release|Any CPU
		{548177FE-FE1E-42C7-8F1C-2860B54CB933}.Release|Any CPU.Build.0 = Release|Any CPU
	EndGlobalSection
	GlobalSection(SolutionProperties) = preSolution
		HideSolutionNode = FALSE
	EndGlobalSection
	GlobalSection(ExtensibilityGlobals) = postSolution
		SolutionGuid = {FA8C4ED3-CD3E-44E0-B757-A484872CAA89}
	EndGlobalSection
EndGlobal
